lockfileVersion: '9.0'

settings:
  autoInstallPeers: true
  excludeLinksFromLockfile: false

importers:

  .:
    dependencies:
      web3:
        specifier: ^4.14.0
        version: 4.14.0(typescript@5.6.3)(zod@3.23.8)

packages:

  '@adraffy/ens-normalize@1.11.0':
    resolution: {integrity: sha512-/3DDPKHqqIqxUULp8yP4zODUY1i+2xvVWsv8A79xGWdCAG+8sb0hRh0Rk2QyOJUnnbyPUAZYcpBuRe3nS2OIUg==}

  '@ethereumjs/rlp@4.0.1':
    resolution: {integrity: sha512-tqsQiBQDQdmPWE1xkkBq4rlSW5QZpLOUJ5RJh2/9fug+q9tnUhuZoVLk7s0scUIKTOzEtR72DFBXI4WiZcMpvw==}
    engines: {node: '>=14'}
    hasBin: true

  '@ethereumjs/rlp@5.0.2':
    resolution: {integrity: sha512-DziebCdg4JpGlEqEdGgXmjqcFoJi+JGulUXwEjsZGAscAQ7MyD/7LE/GVCP29vEQxKc7AAwjT3A2ywHp2xfoCA==}
    engines: {node: '>=18'}
    hasBin: true

  '@noble/curves@1.4.2':
    resolution: {integrity: sha512-TavHr8qycMChk8UwMld0ZDRvatedkzWfH8IiaeGCfymOP5i0hSCozz9vHOL0nkwk7HRMlFnAiKpS2jrUmSybcw==}

  '@noble/hashes@1.4.0':
    resolution: {integrity: sha512-V1JJ1WTRUqHHrOSh597hURcMqVKVGL/ea3kv0gSnEdsEZ0/+VyPghM1lMNGc00z7CIQorSvbKpuJkxvuHbvdbg==}
    engines: {node: '>= 16'}

  '@scure/base@1.1.9':
    resolution: {integrity: sha512-8YKhl8GHiNI/pU2VMaofa2Tor7PJRAjwQLBBuilkJ9L5+13yVbC7JO/wS7piioAvPSwR3JKM1IJ/u4xQzbcXKg==}

  '@scure/bip32@1.4.0':
    resolution: {integrity: sha512-sVUpc0Vq3tXCkDGYVWGIZTRfnvu8LoTDaev7vbwh0omSvVORONr960MQWdKqJDCReIEmTj3PAr73O3aoxz7OPg==}

  '@scure/bip39@1.3.0':
    resolution: {integrity: sha512-disdg7gHuTDZtY+ZdkmLpPCk7fxZSu3gBiEGuoC1XYxv9cGx3Z6cpTggCgW6odSOOIXCiDjuGejW+aJKCY/pIQ==}

  '@types/node@22.7.7':
    resolution: {integrity: sha512-SRxCrrg9CL/y54aiMCG3edPKdprgMVGDXjA3gB8UmmBW5TcXzRUYAh8EWzTnSJFAd1rgImPELza+A3bJ+qxz8Q==}

  '@types/ws@8.5.3':
    resolution: {integrity: sha512-6YOoWjruKj1uLf3INHH7D3qTXwFfEsg1kf3c0uDdSBJwfa/llkwIjrAGV7j7mVgGNbzTQ3HiHKKDXl6bJPD97w==}

  abitype@0.7.1:
    resolution: {integrity: sha512-VBkRHTDZf9Myaek/dO3yMmOzB/y2s3Zo6nVU7yaw1G+TvCHAjwaJzNGN9yo4K5D8bU/VZXKP1EJpRhFr862PlQ==}
    peerDependencies:
      typescript: '>=4.9.4'
      zod: ^3 >=3.19.1
    peerDependenciesMeta:
      zod:
        optional: true

  available-typed-arrays@1.0.7:
    resolution: {integrity: sha512-wvUjBtSGN7+7SjNpq/9M2Tg350UZD3q62IFZLbRAR1bSMlCo1ZaeW+BJ+D090e4hIIZLBcTDWe4Mh4jvUDajzQ==}
    engines: {node: '>= 0.4'}

  call-bind@1.0.7:
    resolution: {integrity: sha512-GHTSNSYICQ7scH7sZ+M2rFopRoLh8t2bLSW6BbgrtLsahOIB5iyAVJf9GjWK3cYTDaMj4XdBpM1cA6pIS0Kv2w==}
    engines: {node: '>= 0.4'}

  crc-32@1.2.2:
    resolution: {integrity: sha512-ROmzCKrTnOwybPcJApAA6WBWij23HVfGVNKqqrZpuyZOHqK2CwHSvpGuyt/UNNvaIjEd8X5IFGp4Mh+Ie1IHJQ==}
    engines: {node: '>=0.8'}
    hasBin: true

  cross-fetch@4.0.0:
    resolution: {integrity: sha512-e4a5N8lVvuLgAWgnCrLr2PP0YyDOTHa9H/Rj54dirp61qXnNq46m82bRhNqIA5VccJtWBvPTFRV3TtvHUKPB1g==}

  define-data-property@1.1.4:
    resolution: {integrity: sha512-rBMvIzlpA8v6E+SJZoo++HAYqsLrkg7MSfIinMPFhmkorw7X+dOXVJQs+QT69zGkzMyfDnIMN2Wid1+NbL3T+A==}
    engines: {node: '>= 0.4'}

  es-define-property@1.0.0:
    resolution: {integrity: sha512-jxayLKShrEqqzJ0eumQbVhTYQM27CfT1T35+gCgDFoL82JLsXqTJ76zv6A0YLOgEnLUMvLzsDsGIrl8NFpT2gQ==}
    engines: {node: '>= 0.4'}

  es-errors@1.3.0:
    resolution: {integrity: sha512-Zf5H2Kxt2xjTvbJvP2ZWLEICxA6j+hAmMzIlypy4xcBg1vKVnx89Wy0GbS+kf5cwCVFFzdCFh2XSCFNULS6csw==}
    engines: {node: '>= 0.4'}

  ethereum-cryptography@2.2.1:
    resolution: {integrity: sha512-r/W8lkHSiTLxUxW8Rf3u4HGB0xQweG2RyETjywylKZSzLWoWAijRz8WCuOtJ6wah+avllXBqZuk29HCCvhEIRg==}

  eventemitter3@5.0.1:
    resolution: {integrity: sha512-GWkBvjiSZK87ELrYOSESUYeVIc9mvLLf/nXalMOS5dYrgZq9o5OVkbZAVM06CVxYsCwH9BDZFPlQTlPA1j4ahA==}

  for-each@0.3.3:
    resolution: {integrity: sha512-jqYfLp7mo9vIyQf8ykW2v7A+2N4QjeCeI5+Dz9XraiO1ign81wjiH7Fb9vSOWvQfNtmSa4H2RoQTrrXivdUZmw==}

  function-bind@1.1.2:
    resolution: {integrity: sha512-7XHNxH7qX9xG5mIwxkhumTox/MIRNcOgDrxWsMt2pAr23WHp6MrRlN7FBSFpCpr+oVO0F744iUgR82nJMfG2SA==}

  get-intrinsic@1.2.4:
    resolution: {integrity: sha512-5uYhsJH8VJBTv7oslg4BznJYhDoRI6waYCxMmCdnTrcCrHA/fCFKoTFz2JKKE0HdDFUF7/oQuhzumXJK7paBRQ==}
    engines: {node: '>= 0.4'}

  gopd@1.0.1:
    resolution: {integrity: sha512-d65bNlIadxvpb/A2abVdlqKqV563juRnZ1Wtk6s1sIR8uNsXR70xqIzVqxVf1eTqDunwT2MkczEeaezCKTZhwA==}

  has-property-descriptors@1.0.2:
    resolution: {integrity: sha512-55JNKuIW+vq4Ke1BjOTjM2YctQIvCT7GFzHwmfZPGo5wnrgkid0YQtnAleFSqumZm4az3n2BS+erby5ipJdgrg==}

  has-proto@1.0.3:
    resolution: {integrity: sha512-SJ1amZAJUiZS+PhsVLf5tGydlaVB8EdFpaSO4gmiUKUOxk8qzn5AIy4ZeJUmh22znIdk/uMAUT2pl3FxzVUH+Q==}
    engines: {node: '>= 0.4'}

  has-symbols@1.0.3:
    resolution: {integrity: sha512-l3LCuF6MgDNwTDKkdYGEihYjt5pRPbEg46rtlmnSPlUbgmB8LOIrKJbYYFBSbnPaJexMKtiPO8hmeRjRz2Td+A==}
    engines: {node: '>= 0.4'}

  has-tostringtag@1.0.2:
    resolution: {integrity: sha512-NqADB8VjPFLM2V0VvHUewwwsw0ZWBaIdgo+ieHtK3hasLz4qeCRjYcqfB6AQrBggRKppKF8L52/VqdVsO47Dlw==}
    engines: {node: '>= 0.4'}

  hasown@2.0.2:
    resolution: {integrity: sha512-0hJU9SCPvmMzIBdZFqNPXWa6dqh7WdH0cII9y+CyS8rG3nL48Bclra9HmKhVVUHyPWNH5Y7xDwAB7bfgSjkUMQ==}
    engines: {node: '>= 0.4'}

  inherits@2.0.4:
    resolution: {integrity: sha512-k/vGaX4/Yla3WzyMCvTQOXYeIHvqOKtnqBduzTHpzpQZzAskKMhZ2K+EnBiSM9zGSoIFeMpXKxa4dYeZIQqewQ==}

  is-arguments@1.1.1:
    resolution: {integrity: sha512-8Q7EARjzEnKpt/PCD7e1cgUS0a6X8u5tdSiMqXhojOdoV9TsMsiO+9VLC5vAmO8N7/GmXn7yjR8qnA6bVAEzfA==}
    engines: {node: '>= 0.4'}

  is-callable@1.2.7:
    resolution: {integrity: sha512-1BC0BVFhS/p0qtw6enp8e+8OD0UrK0oFLztSjNzhcKA3WDuJxxAPXzPuPtKkjEY9UUoEWlX/8fgKeu2S8i9JTA==}
    engines: {node: '>= 0.4'}

  is-generator-function@1.0.10:
    resolution: {integrity: sha512-jsEjy9l3yiXEQ+PsXdmBwEPcOxaXWLspKdplFUVI9vq1iZgIekeC0L167qeu86czQaxed3q/Uzuw0swL0irL8A==}
    engines: {node: '>= 0.4'}

  is-typed-array@1.1.13:
    resolution: {integrity: sha512-uZ25/bUAlUY5fR4OKT4rZQEBrzQWYV9ZJYGGsUmEJ6thodVJ1HX64ePQ6Z0qPWP+m+Uq6e9UugrE38jeYsDSMw==}
    engines: {node: '>= 0.4'}

  isomorphic-ws@5.0.0:
    resolution: {integrity: sha512-muId7Zzn9ywDsyXgTIafTry2sV3nySZeUDe6YedVd1Hvuuep5AsIlqK+XefWpYTyJG5e503F2xIuT2lcU6rCSw==}
    peerDependencies:
      ws: '*'

  node-fetch@2.7.0:
    resolution: {integrity: sha512-c4FRfUm/dbcWZ7U+1Wq0AwCyFL+3nt2bEw05wfxSz+DWpWsitgmSgYmy2dQdWyKC1694ELPqMs/YzUSNozLt8A==}
    engines: {node: 4.x || >=6.0.0}
    peerDependencies:
      encoding: ^0.1.0
    peerDependenciesMeta:
      encoding:
        optional: true

  possible-typed-array-names@1.0.0:
    resolution: {integrity: sha512-d7Uw+eZoloe0EHDIYoe+bQ5WXnGMOpmiZFTuMWCwpjzzkL2nTjcKiAk4hh8TjnGye2TwWOk3UXucZ+3rbmBa8Q==}
    engines: {node: '>= 0.4'}

  set-function-length@1.2.2:
    resolution: {integrity: sha512-pgRc4hJ4/sNjWCSS9AmnS40x3bNMDTknHgL5UaMBTMyJnU90EgWh1Rz+MC9eFu4BuN/UwZjKQuY/1v3rM7HMfg==}
    engines: {node: '>= 0.4'}

  setimmediate@1.0.5:
    resolution: {integrity: sha512-MATJdZp8sLqDl/68LfQmbP8zKPLQNV6BIZoIgrscFDQ+RsvK/BxeDQOgyxKKoh0y/8h3BqVFnCqQ/gd+reiIXA==}

  tr46@0.0.3:
    resolution: {integrity: sha512-N3WMsuqV66lT30CrXNbEjx4GEwlow3v6rr4mCcv6prnfwhS01rkgyFdjPNBYd9br7LpXV1+Emh01fHnq2Gdgrw==}

  typescript@5.6.3:
    resolution: {integrity: sha512-hjcS1mhfuyi4WW8IWtjP7brDrG2cuDZukyrYrSauoXGNgx0S7zceP07adYkJycEr56BOUTNPzbInooiN3fn1qw==}
    engines: {node: '>=14.17'}
    hasBin: true

  undici-types@6.19.8:
    resolution: {integrity: sha512-ve2KP6f/JnbPBFyobGHuerC9g1FYGn/F8n1LWTwNxCEzd6IfqTwUQcNXgEtmmQ6DlRrC1hrSrBnCZPokRrDHjw==}

  util@0.12.5:
    resolution: {integrity: sha512-kZf/K6hEIrWHI6XqOFUiiMa+79wE/D8Q+NCNAWclkyg3b4d2k7s0QGepNjiABc+aR3N1PAyHL7p6UcLY6LmrnA==}

  web3-core@4.7.0:
    resolution: {integrity: sha512-skP4P56fhlrE+rIuS4WY9fTdja1DPml2xrrDmv+vQhPtmSFBs7CqesycIRLQh4dK1D4de/a23tkX6DLYdUt3nA==}
    engines: {node: '>=14', npm: '>=6.12.0'}

  web3-errors@1.3.0:
    resolution: {integrity: sha512-j5JkAKCtuVMbY3F5PYXBqg1vWrtF4jcyyMY1rlw8a4PV67AkqlepjGgpzWJZd56Mt+TvHy6DA1F/3Id8LatDSQ==}
    engines: {node: '>=14', npm: '>=6.12.0'}

  web3-eth-abi@4.3.0:
    resolution: {integrity: sha512-OqZPGGxHmfKJt33BfpclEMmWvnnLJ/B+jVTnVagd2OIU1kIv09xf/E60ei0eGeG612uFy/pPq31u4RidF/gf6g==}
    engines: {node: '>=14', npm: '>=6.12.0'}

  web3-eth-accounts@4.2.1:
    resolution: {integrity: sha512-aOlEZFzqAgKprKs7+DGArU4r9b+ILBjThpeq42aY7LAQcP+mSpsWcQgbIRK3r/n3OwTYZ3aLPk0Ih70O/LwnYA==}
    engines: {node: '>=14', npm: '>=6.12.0'}

  web3-eth-contract@4.7.0:
    resolution: {integrity: sha512-fdStoBOjFyMHwlyJmSUt/BTDL1ATwKGmG3zDXQ/zTKlkkW/F/074ut0Vry4GuwSBg9acMHc0ycOiZx9ZKjNHsw==}
    engines: {node: '>=14', npm: '>=6.12.0'}

  web3-eth-ens@4.4.0:
    resolution: {integrity: sha512-DeyVIS060hNV9g8dnTx92syqvgbvPricE3MerCxe/DquNZT3tD8aVgFfq65GATtpCgDDJffO2bVeHp3XBemnSQ==}
    engines: {node: '>=14', npm: '>=6.12.0'}

  web3-eth-iban@4.0.7:
    resolution: {integrity: sha512-8weKLa9KuKRzibC87vNLdkinpUE30gn0IGY027F8doeJdcPUfsa4IlBgNC4k4HLBembBB2CTU0Kr/HAOqMeYVQ==}
    engines: {node: '>=14', npm: '>=6.12.0'}

  web3-eth-personal@4.1.0:
    resolution: {integrity: sha512-RFN83uMuvA5cu1zIwwJh9A/bAj0OBxmGN3tgx19OD/9ygeUZbifOL06jgFzN0t+1ekHqm3DXYQM8UfHpXi7yDQ==}
    engines: {node: '>=14', npm: '>=6.12.0'}

  web3-eth@4.10.0:
    resolution: {integrity: sha512-8d7epCOm1hv/xGnOW8pWNkO5Ze9b+LKl81Pa1VUdRi2xZKtBaQsk+4qg6EnqeDF6SPpL502wNmX6TAB69vGBWw==}
    engines: {node: '>=14', npm: '>=6.12.0'}

  web3-net@4.1.0:
    resolution: {integrity: sha512-WWmfvHVIXWEoBDWdgKNYKN8rAy6SgluZ0abyRyXOL3ESr7ym7pKWbfP4fjApIHlYTh8tNqkrdPfM4Dyi6CA0SA==}
    engines: {node: '>=14', npm: '>=6.12.0'}

  web3-providers-http@4.2.0:
    resolution: {integrity: sha512-IPMnDtHB7dVwaB7/mMxAZzyq7d5ezfO1+Vw0bNfAeIi7gaDlJiggp85SdyAfOgov8AMUA/dyiY72kQ0KmjXKvQ==}
    engines: {node: '>=14', npm: '>=6.12.0'}

  web3-providers-ipc@4.0.7:
    resolution: {integrity: sha512-YbNqY4zUvIaK2MHr1lQFE53/8t/ejHtJchrWn9zVbFMGXlTsOAbNoIoZWROrg1v+hCBvT2c9z8xt7e/+uz5p1g==}
    engines: {node: '>=14', npm: '>=6.12.0'}

  web3-providers-ws@4.0.8:
    resolution: {integrity: sha512-goJdgata7v4pyzHRsg9fSegUG4gVnHZSHODhNnn6J93ykHkBI1nz4fjlGpcQLUMi4jAMz6SHl9Ibzs2jj9xqPw==}
    engines: {node: '>=14', npm: '>=6.12.0'}

  web3-rpc-methods@1.3.0:
    resolution: {integrity: sha512-/CHmzGN+IYgdBOme7PdqzF+FNeMleefzqs0LVOduncSaqsppeOEoskLXb2anSpzmQAP3xZJPaTrkQPWSJMORig==}
    engines: {node: '>=14', npm: '>=6.12.0'}

  web3-rpc-providers@1.0.0-rc.2:
    resolution: {integrity: sha512-ocFIEXcBx/DYQ90HhVepTBUVnL9pGsZw8wyPb1ZINSenwYus9SvcFkjU1Hfvd/fXjuhAv2bUVch9vxvMx1mXAQ==}
    engines: {node: '>=14', npm: '>=6.12.0'}

  web3-types@1.8.1:
    resolution: {integrity: sha512-isspsvQbBJFUkJYz2Badb7dz/BrLLLpOop/WmnL5InyYMr7kYYc8038NYO7Vkp1M7Bupa/wg+yALvBm7EGbyoQ==}
    engines: {node: '>=14', npm: '>=6.12.0'}

  web3-utils@4.3.2:
    resolution: {integrity: sha512-bEFpYEBMf6ER78Uvj2mdsCbaLGLK9kABOsa3TtXOEEhuaMy/RK0KlRkKoZ2vmf/p3hB8e1q5erknZ6Hy7AVp7A==}
    engines: {node: '>=14', npm: '>=6.12.0'}

  web3-validator@2.0.6:
    resolution: {integrity: sha512-qn9id0/l1bWmvH4XfnG/JtGKKwut2Vokl6YXP5Kfg424npysmtRLe9DgiNBM9Op7QL/aSiaA0TVXibuIuWcizg==}
    engines: {node: '>=14', npm: '>=6.12.0'}

  web3@4.14.0:
    resolution: {integrity: sha512-LohqxtSXXl4uA3abPK0bB91dziA5GygOLtO83p8bQzY+CYxp1fgGfiD8ahDRcu+WBttUhRFZmCsOhmrmP7HtTA==}
    engines: {node: '>=14.0.0', npm: '>=6.12.0'}

  webidl-conversions@3.0.1:
    resolution: {integrity: sha512-2JAn3z8AR6rjK8Sm8orRC0h/bcl/DqL7tRPdGZ4I1CjdF+EaMLmYxBHyXuKL849eucPFhvBoxMsflfOb8kxaeQ==}

  whatwg-url@5.0.0:
    resolution: {integrity: sha512-saE57nupxk6v3HY35+jzBwYa0rKSy0XR8JSxZPwgLr7ys0IBzhGviA1/TUGJLmSVqs8pb9AnvICXEuOHLprYTw==}

  which-typed-array@1.1.15:
    resolution: {integrity: sha512-oV0jmFtUky6CXfkqehVvBP/LSWJ2sy4vWMioiENyJLePrBO/yKyV9OyJySfAKosh+RYkIl5zJCNZ8/4JncrpdA==}
    engines: {node: '>= 0.4'}

  ws@8.18.0:
    resolution: {integrity: sha512-8VbfWfHLbbwu3+N6OKsOMpBdT4kXPDDB9cJk2bJ6mh9ucxdlnNvH1e+roYkKmN9Nxw2yjz7VzeO9oOz2zJ04Pw==}
    engines: {node: '>=10.0.0'}
    peerDependencies:
      bufferutil: ^4.0.1
      utf-8-validate: '>=5.0.2'
    peerDependenciesMeta:
      bufferutil:
        optional: true
      utf-8-validate:
        optional: true

  zod@3.23.8:
    resolution: {integrity: sha512-XBx9AXhXktjUqnepgTiE5flcKIYWi/rme0Eaj+5Y0lftuGBq+jyRu/md4WnuxqgP1ubdpNCsYEYPxrzVHD8d6g==}

snapshots:

  '@adraffy/ens-normalize@1.11.0': {}

  '@ethereumjs/rlp@4.0.1': {}

  '@ethereumjs/rlp@5.0.2': {}

  '@noble/curves@1.4.2':
    dependencies:
      '@noble/hashes': 1.4.0

  '@noble/hashes@1.4.0': {}

  '@scure/base@1.1.9': {}

  '@scure/bip32@1.4.0':
    dependencies:
      '@noble/curves': 1.4.2
      '@noble/hashes': 1.4.0
      '@scure/base': 1.1.9

  '@scure/bip39@1.3.0':
    dependencies:
      '@noble/hashes': 1.4.0
      '@scure/base': 1.1.9

  '@types/node@22.7.7':
    dependencies:
      undici-types: 6.19.8

  '@types/ws@8.5.3':
    dependencies:
      '@types/node': 22.7.7

  abitype@0.7.1(typescript@5.6.3)(zod@3.23.8):
    dependencies:
      typescript: 5.6.3
    optionalDependencies:
      zod: 3.23.8

  available-typed-arrays@1.0.7:
    dependencies:
      possible-typed-array-names: 1.0.0

  call-bind@1.0.7:
    dependencies:
      es-define-property: 1.0.0
      es-errors: 1.3.0
      function-bind: 1.1.2
      get-intrinsic: 1.2.4
      set-function-length: 1.2.2

  crc-32@1.2.2: {}

  cross-fetch@4.0.0:
    dependencies:
      node-fetch: 2.7.0
    transitivePeerDependencies:
      - encoding

  define-data-property@1.1.4:
    dependencies:
      es-define-property: 1.0.0
      es-errors: 1.3.0
      gopd: 1.0.1

  es-define-property@1.0.0:
    dependencies:
      get-intrinsic: 1.2.4

  es-errors@1.3.0: {}

  ethereum-cryptography@2.2.1:
    dependencies:
      '@noble/curves': 1.4.2
      '@noble/hashes': 1.4.0
      '@scure/bip32': 1.4.0
      '@scure/bip39': 1.3.0

  eventemitter3@5.0.1: {}

  for-each@0.3.3:
    dependencies:
      is-callable: 1.2.7

  function-bind@1.1.2: {}

  get-intrinsic@1.2.4:
    dependencies:
      es-errors: 1.3.0
      function-bind: 1.1.2
      has-proto: 1.0.3
      has-symbols: 1.0.3
      hasown: 2.0.2

  gopd@1.0.1:
    dependencies:
      get-intrinsic: 1.2.4

  has-property-descriptors@1.0.2:
    dependencies:
      es-define-property: 1.0.0

  has-proto@1.0.3: {}

  has-symbols@1.0.3: {}

  has-tostringtag@1.0.2:
    dependencies:
      has-symbols: 1.0.3

  hasown@2.0.2:
    dependencies:
      function-bind: 1.1.2

  inherits@2.0.4: {}

  is-arguments@1.1.1:
    dependencies:
      call-bind: 1.0.7
      has-tostringtag: 1.0.2

  is-callable@1.2.7: {}

  is-generator-function@1.0.10:
    dependencies:
      has-tostringtag: 1.0.2

  is-typed-array@1.1.13:
    dependencies:
      which-typed-array: 1.1.15

  isomorphic-ws@5.0.0(ws@8.18.0):
    dependencies:
      ws: 8.18.0

  node-fetch@2.7.0:
    dependencies:
      whatwg-url: 5.0.0

  possible-typed-array-names@1.0.0: {}

  set-function-length@1.2.2:
    dependencies:
      define-data-property: 1.1.4
      es-errors: 1.3.0
      function-bind: 1.1.2
      get-intrinsic: 1.2.4
      gopd: 1.0.1
      has-property-descriptors: 1.0.2

  setimmediate@1.0.5: {}

  tr46@0.0.3: {}

  typescript@5.6.3: {}

  undici-types@6.19.8: {}

  util@0.12.5:
    dependencies:
      inherits: 2.0.4
      is-arguments: 1.1.1
      is-generator-function: 1.0.10
      is-typed-array: 1.1.13
      which-typed-array: 1.1.15

  web3-core@4.7.0:
    dependencies:
      web3-errors: 1.3.0
      web3-eth-accounts: 4.2.1
      web3-eth-iban: 4.0.7
      web3-providers-http: 4.2.0
      web3-providers-ws: 4.0.8
      web3-types: 1.8.1
      web3-utils: 4.3.2
      web3-validator: 2.0.6
    optionalDependencies:
      web3-providers-ipc: 4.0.7
    transitivePeerDependencies:
      - bufferutil
      - encoding
      - utf-8-validate

  web3-errors@1.3.0:
    dependencies:
      web3-types: 1.8.1

  web3-eth-abi@4.3.0(typescript@5.6.3)(zod@3.23.8):
    dependencies:
      abitype: 0.7.1(typescript@5.6.3)(zod@3.23.8)
      web3-errors: 1.3.0
      web3-types: 1.8.1
      web3-utils: 4.3.2
      web3-validator: 2.0.6
    transitivePeerDependencies:
      - typescript
      - zod

  web3-eth-accounts@4.2.1:
    dependencies:
      '@ethereumjs/rlp': 4.0.1
      crc-32: 1.2.2
      ethereum-cryptography: 2.2.1
      web3-errors: 1.3.0
      web3-types: 1.8.1
      web3-utils: 4.3.2
      web3-validator: 2.0.6

  web3-eth-contract@4.7.0(typescript@5.6.3)(zod@3.23.8):
    dependencies:
      '@ethereumjs/rlp': 5.0.2
      web3-core: 4.7.0
      web3-errors: 1.3.0
      web3-eth: 4.10.0(typescript@5.6.3)(zod@3.23.8)
      web3-eth-abi: 4.3.0(typescript@5.6.3)(zod@3.23.8)
      web3-types: 1.8.1
      web3-utils: 4.3.2
      web3-validator: 2.0.6
    transitivePeerDependencies:
      - bufferutil
      - encoding
      - typescript
      - utf-8-validate
      - zod

  web3-eth-ens@4.4.0(typescript@5.6.3)(zod@3.23.8):
    dependencies:
      '@adraffy/ens-normalize': 1.11.0
      web3-core: 4.7.0
      web3-errors: 1.3.0
      web3-eth: 4.10.0(typescript@5.6.3)(zod@3.23.8)
      web3-eth-contract: 4.7.0(typescript@5.6.3)(zod@3.23.8)
      web3-net: 4.1.0
      web3-types: 1.8.1
      web3-utils: 4.3.2
      web3-validator: 2.0.6
    transitivePeerDependencies:
      - bufferutil
      - encoding
      - typescript
      - utf-8-validate
      - zod

  web3-eth-iban@4.0.7:
    dependencies:
      web3-errors: 1.3.0
      web3-types: 1.8.1
      web3-utils: 4.3.2
      web3-validator: 2.0.6

  web3-eth-personal@4.1.0(typescript@5.6.3)(zod@3.23.8):
    dependencies:
      web3-core: 4.7.0
      web3-eth: 4.10.0(typescript@5.6.3)(zod@3.23.8)
      web3-rpc-methods: 1.3.0
      web3-types: 1.8.1
      web3-utils: 4.3.2
      web3-validator: 2.0.6
    transitivePeerDependencies:
      - bufferutil
      - encoding
      - typescript
      - utf-8-validate
      - zod

  web3-eth@4.10.0(typescript@5.6.3)(zod@3.23.8):
    dependencies:
      setimmediate: 1.0.5
      web3-core: 4.7.0
      web3-errors: 1.3.0
      web3-eth-abi: 4.3.0(typescript@5.6.3)(zod@3.23.8)
      web3-eth-accounts: 4.2.1
      web3-net: 4.1.0
      web3-providers-ws: 4.0.8
      web3-rpc-methods: 1.3.0
      web3-types: 1.8.1
      web3-utils: 4.3.2
      web3-validator: 2.0.6
    transitivePeerDependencies:
      - bufferutil
      - encoding
      - typescript
      - utf-8-validate
      - zod

  web3-net@4.1.0:
    dependencies:
      web3-core: 4.7.0
      web3-rpc-methods: 1.3.0
      web3-types: 1.8.1
      web3-utils: 4.3.2
    transitivePeerDependencies:
      - bufferutil
      - encoding
      - utf-8-validate

  web3-providers-http@4.2.0:
    dependencies:
      cross-fetch: 4.0.0
      web3-errors: 1.3.0
      web3-types: 1.8.1
      web3-utils: 4.3.2
    transitivePeerDependencies:
      - encoding

  web3-providers-ipc@4.0.7:
    dependencies:
      web3-errors: 1.3.0
      web3-types: 1.8.1
      web3-utils: 4.3.2
    optional: true

  web3-providers-ws@4.0.8:
    dependencies:
      '@types/ws': 8.5.3
      isomorphic-ws: 5.0.0(ws@8.18.0)
      web3-errors: 1.3.0
      web3-types: 1.8.1
      web3-utils: 4.3.2
      ws: 8.18.0
    transitivePeerDependencies:
      - bufferutil
      - utf-8-validate

  web3-rpc-methods@1.3.0:
    dependencies:
      web3-core: 4.7.0
      web3-types: 1.8.1
      web3-validator: 2.0.6
    transitivePeerDependencies:
      - bufferutil
      - encoding
      - utf-8-validate

  web3-rpc-providers@1.0.0-rc.2:
    dependencies:
      web3-errors: 1.3.0
      web3-providers-http: 4.2.0
      web3-providers-ws: 4.0.8
      web3-types: 1.8.1
      web3-utils: 4.3.2
      web3-validator: 2.0.6
    transitivePeerDependencies:
      - bufferutil
      - encoding
      - utf-8-validate

  web3-types@1.8.1: {}

  web3-utils@4.3.2:
    dependencies:
      ethereum-cryptography: 2.2.1
      eventemitter3: 5.0.1
      web3-errors: 1.3.0
      web3-types: 1.8.1
      web3-validator: 2.0.6

  web3-validator@2.0.6:
    dependencies:
      ethereum-cryptography: 2.2.1
      util: 0.12.5
      web3-errors: 1.3.0
      web3-types: 1.8.1
      zod: 3.23.8

  web3@4.14.0(typescript@5.6.3)(zod@3.23.8):
    dependencies:
      web3-core: 4.7.0
      web3-errors: 1.3.0
      web3-eth: 4.10.0(typescript@5.6.3)(zod@3.23.8)
      web3-eth-abi: 4.3.0(typescript@5.6.3)(zod@3.23.8)
      web3-eth-accounts: 4.2.1
      web3-eth-contract: 4.7.0(typescript@5.6.3)(zod@3.23.8)
      web3-eth-ens: 4.4.0(typescript@5.6.3)(zod@3.23.8)
      web3-eth-iban: 4.0.7
      web3-eth-personal: 4.1.0(typescript@5.6.3)(zod@3.23.8)
      web3-net: 4.1.0
      web3-providers-http: 4.2.0
      web3-providers-ws: 4.0.8
      web3-rpc-methods: 1.3.0
      web3-rpc-providers: 1.0.0-rc.2
      web3-types: 1.8.1
      web3-utils: 4.3.2
      web3-validator: 2.0.6
    transitivePeerDependencies:
      - bufferutil
      - encoding
      - typescript
      - utf-8-validate
      - zod

  webidl-conversions@3.0.1: {}

  whatwg-url@5.0.0:
    dependencies:
      tr46: 0.0.3
      webidl-conversions: 3.0.1

  which-typed-array@1.1.15:
    dependencies:
      available-typed-arrays: 1.0.7
      call-bind: 1.0.7
      for-each: 0.3.3
      gopd: 1.0.1
      has-tostringtag: 1.0.2

  ws@8.18.0: {}

  zod@3.23.8: {}
